
Microsoft Visual Studio Solution File, Format Version 12.00
# Visual Studio Version 16
VisualStudioVersion = 16.0.31112.23
MinimumVisualStudioVersion = 10.0.40219.1
Project("{FAE04EC0-301F-11D3-BF4B-00C04F79EFBC}") = "bpng_WPF", "bpng_WPF\bpng_WPF.csproj", "{92638C8F-7ABC-4301-9FDB-AEF7AB21A09B}"
EndProject
Global
	GlobalSection(SolutionConfigurationPlatforms) = preSolution
		Debug|Any CPU = Debug|Any CPU
		Release|Any CPU = Release|Any CPU
	EndGlobalSection
	GlobalSection(ProjectConfigurationPlatforms) = postSolution
		{92638C8F-7ABC-4301-9FDB-AEF7AB21A09B}.Debug|Any CPU.ActiveCfg = Debug|Any CPU
		{92638C8F-7ABC-4301-9FDB-AEF7AB21A09B}.Debug|Any CPU.Build.0 = Debug|Any CPU
		{92638C8F-7ABC-4301-9FDB-AEF7AB21A09B}.Release|Any CPU.ActiveCfg = Release|Any CPU
		{92638C8F-7ABC-4301-9FDB-AEF7AB21A09B}.Release|Any CPU.Build.0 = Release|Any CPU
	EndGlobalSection
	GlobalSection(SolutionProperties) = preSolution
		HideSolutionNode = FALSE
	EndGlobalSection
	GlobalSection(ExtensibilityGlobals) = postSolution
		SolutionGuid = {CFB59FE2-963D-4E0C-80EF-BAC9EFE98544}
	EndGlobalSection
EndGlobal
